
Microsoft Visual Studio Solution File, Format Version 12.00
# Visual Studio Version 16
VisualStudioVersion = 16.0.29509.3
MinimumVisualStudioVersion = 10.0.40219.1
Project("{FAE04EC0-301F-11D3-BF4B-00C04F79EFBC}") = "SmartSwitch.UI.Movil.UWP", "SmartSwitch.UI.Movil\SmartSwitch.UI.Movil.UWP\SmartSwitch.UI.Movil.UWP.csproj", "{1392EEA1-31C9-466C-B1D4-8CF9249409D5}"
EndProject
Project("{FAE04EC0-301F-11D3-BF4B-00C04F79EFBC}") = "SmartSwitch.UI.Movil.Android", "SmartSwitch.UI.Movil\SmartSwitch.UI.Movil.Android\SmartSwitch.UI.Movil.Android.csproj", "{F411141E-6E75-478B-87D6-75B9089146D1}"
EndProject
Project("{FAE04EC0-301F-11D3-BF4B-00C04F79EFBC}") = "SmartSwitch.UI.Movil.iOS", "SmartSwitch.UI.Movil\SmartSwitch.UI.Movil.iOS\SmartSwitch.UI.Movil.iOS.csproj", "{C6D2FCEC-F738-4930-AD28-2CEFED83335F}"
EndProject
Project("{9A19103F-16F7-4668-BE54-9A1E7A4F7556}") = "SmartSwitch.UI.Movil", "SmartSwitch.UI.Movil\SmartSwitch.UI.Movil\SmartSwitch.UI.Movil.csproj", "{4C87A525-A529-417B-8F58-A3A34B2B4431}"
EndProject
Project("{9A19103F-16F7-4668-BE54-9A1E7A4F7556}") = "SmartSwitch.COMMON", "SmartSwitch.COMMON\SmartSwitch.COMMON.csproj", "{F7B1C7CA-92A3-4FB9-AD25-F4F08D917632}"
EndProject
Project("{9A19103F-16F7-4668-BE54-9A1E7A4F7556}") = "SmartSwitch.DAL", "SmartSwitch.DAL\SmartSwitch.DAL.csproj", "{7A8C8FBB-97A1-4D2E-846B-4AA2D56E15FF}"
EndProject
Project("{9A19103F-16F7-4668-BE54-9A1E7A4F7556}") = "SmartSwitch.BIZ", "SmartSwitch.BIZ\SmartSwitch.BIZ.csproj", "{A55985CA-A4DB-44F4-BCC7-7D4E978CA52A}"
EndProject
Project("{9A19103F-16F7-4668-BE54-9A1E7A4F7556}") = "SmartSwitch.TOOLS", "SmartSwitch.TOOLS\SmartSwitch.TOOLS.csproj", "{2FBCA9B2-FC6A-4D2A-97E6-4B42CC40FAE6}"
EndProject
Project("{2150E333-8FDC-42A3-9474-1A3956D46DE8}") = "Capasbase", "Capasbase", "{70C11BF0-F5C5-42A6-89A6-4505F5ACEFF2}"
EndProject
Project("{2150E333-8FDC-42A3-9474-1A3956D46DE8}") = "UI", "UI", "{D3510685-05A6-4A04-94BF-1F5983F99B61}"
EndProject
Project("{2150E333-8FDC-42A3-9474-1A3956D46DE8}") = "Web", "Web", "{09D68360-F230-4FCF-BA01-29E3428067E2}"
EndProject
Project("{FAE04EC0-301F-11D3-BF4B-00C04F79EFBC}") = "SmartSwitch.WebAPI", "SmartSwitch.WebAPI\SmartSwitch.WebAPI.csproj", "{80E1E0C6-A229-453E-B0CA-82DF92534B01}"
EndProject
Project("{FAE04EC0-301F-11D3-BF4B-00C04F79EFBC}") = "SmartSwitch.DAL.API", "SmartSwitch.DAL.API\SmartSwitch.DAL.API.csproj", "{084CBEB2-E946-4D6B-8B85-42C7B76669BA}"
EndProject
Project("{2150E333-8FDC-42A3-9474-1A3956D46DE8}") = "Poblador", "Poblador", "{E6A91862-E3E5-40D1-B05A-A6983D1F732E}"
EndProject
Project("{FAE04EC0-301F-11D3-BF4B-00C04F79EFBC}") = "SmartSwitch.Poblador.Consola", "SmartSwitch.Poblador.Consola\SmartSwitch.Poblador.Consola.csproj", "{368D7C10-EA07-40FE-8F02-15CD6A2C30C9}"
EndProject
Global
	GlobalSection(SolutionConfigurationPlatforms) = preSolution
		Debug|Any CPU = Debug|Any CPU
		Debug|ARM = Debug|ARM
		Debug|iPhone = Debug|iPhone
		Debug|iPhoneSimulator = Debug|iPhoneSimulator
		Debug|x64 = Debug|x64
		Debug|x86 = Debug|x86
		Release|Any CPU = Release|Any CPU
		Release|ARM = Release|ARM
		Release|iPhone = Release|iPhone
		Release|iPhoneSimulator = Release|iPhoneSimulator
		Release|x64 = Release|x64
		Release|x86 = Release|x86
	EndGlobalSection
	GlobalSection(ProjectConfigurationPlatforms) = postSolution
		{1392EEA1-31C9-466C-B1D4-8CF9249409D5}.Debug|Any CPU.ActiveCfg = Debug|x86
		{1392EEA1-31C9-466C-B1D4-8CF9249409D5}.Debug|Any CPU.Build.0 = Debug|x86
		{1392EEA1-31C9-466C-B1D4-8CF9249409D5}.Debug|Any CPU.Deploy.0 = Debug|x86
		{1392EEA1-31C9-466C-B1D4-8CF9249409D5}.Debug|ARM.ActiveCfg = Debug|ARM
		{1392EEA1-31C9-466C-B1D4-8CF9249409D5}.Debug|ARM.Build.0 = Debug|ARM
		{1392EEA1-31C9-466C-B1D4-8CF9249409D5}.Debug|ARM.Deploy.0 = Debug|ARM
		{1392EEA1-31C9-466C-B1D4-8CF9249409D5}.Debug|iPhone.ActiveCfg = Debug|x86
		{1392EEA1-31C9-466C-B1D4-8CF9249409D5}.Debug|iPhone.Build.0 = Debug|x86
		{1392EEA1-31C9-466C-B1D4-8CF9249409D5}.Debug|iPhone.Deploy.0 = Debug|x86
		{1392EEA1-31C9-466C-B1D4-8CF9249409D5}.Debug|iPhoneSimulator.ActiveCfg = Debug|x86
		{1392EEA1-31C9-466C-B1D4-8CF9249409D5}.Debug|iPhoneSimulator.Build.0 = Debug|x86
		{1392EEA1-31C9-466C-B1D4-8CF9249409D5}.Debug|iPhoneSimulator.Deploy.0 = Debug|x86
		{1392EEA1-31C9-466C-B1D4-8CF9249409D5}.Debug|x64.ActiveCfg = Debug|x64
		{1392EEA1-31C9-466C-B1D4-8CF9249409D5}.Debug|x64.Build.0 = Debug|x64
		{1392EEA1-31C9-466C-B1D4-8CF9249409D5}.Debug|x64.Deploy.0 = Debug|x64
		{1392EEA1-31C9-466C-B1D4-8CF9249409D5}.Debug|x86.ActiveCfg = Debug|x86
		{1392EEA1-31C9-466C-B1D4-8CF9249409D5}.Debug|x86.Build.0 = Debug|x86
		{1392EEA1-31C9-466C-B1D4-8CF9249409D5}.Debug|x86.Deploy.0 = Debug|x86
		{1392EEA1-31C9-466C-B1D4-8CF9249409D5}.Release|Any CPU.ActiveCfg = Release|x86
		{1392EEA1-31C9-466C-B1D4-8CF9249409D5}.Release|Any CPU.Build.0 = Release|x86
		{1392EEA1-31C9-466C-B1D4-8CF9249409D5}.Release|Any CPU.Deploy.0 = Release|x86
		{1392EEA1-31C9-466C-B1D4-8CF9249409D5}.Release|ARM.ActiveCfg = Release|ARM
		{1392EEA1-31C9-466C-B1D4-8CF9249409D5}.Release|ARM.Build.0 = Release|ARM
		{1392EEA1-31C9-466C-B1D4-8CF9249409D5}.Release|ARM.Deploy.0 = Release|ARM
		{1392EEA1-31C9-466C-B1D4-8CF9249409D5}.Release|iPhone.ActiveCfg = Release|x86
		{1392EEA1-31C9-466C-B1D4-8CF9249409D5}.Release|iPhone.Build.0 = Release|x86
		{1392EEA1-31C9-466C-B1D4-8CF9249409D5}.Release|iPhone.Deploy.0 = Release|x86
		{1392EEA1-31C9-466C-B1D4-8CF9249409D5}.Release|iPhoneSimulator.ActiveCfg = Release|x86
		{1392EEA1-31C9-466C-B1D4-8CF9249409D5}.Release|iPhoneSimulator.Build.0 = Release|x86
		{1392EEA1-31C9-466C-B1D4-8CF9249409D5}.Release|iPhoneSimulator.Deploy.0 = Release|x86
		{1392EEA1-31C9-466C-B1D4-8CF9249409D5}.Release|x64.ActiveCfg = Release|x64
		{1392EEA1-31C9-466C-B1D4-8CF9249409D5}.Release|x64.Build.0 = Release|x64
		{1392EEA1-31C9-466C-B1D4-8CF9249409D5}.Release|x64.Deploy.0 = Release|x64
		{1392EEA1-31C9-466C-B1D4-8CF9249409D5}.Release|x86.ActiveCfg = Release|x86
		{1392EEA1-31C9-466C-B1D4-8CF9249409D5}.Release|x86.Build.0 = Release|x86
		{1392EEA1-31C9-466C-B1D4-8CF9249409D5}.Release|x86.Deploy.0 = Release|x86
		{F411141E-6E75-478B-87D6-75B9089146D1}.Debug|Any CPU.ActiveCfg = Debug|Any CPU
		{F411141E-6E75-478B-87D6-75B9089146D1}.Debug|Any CPU.Build.0 = Debug|Any CPU
		{F411141E-6E75-478B-87D6-75B9089146D1}.Debug|Any CPU.Deploy.0 = Debug|Any CPU
		{F411141E-6E75-478B-87D6-75B9089146D1}.Debug|ARM.ActiveCfg = Debug|Any CPU
		{F411141E-6E75-478B-87D6-75B9089146D1}.Debug|ARM.Build.0 = Debug|Any CPU
		{F411141E-6E75-478B-87D6-75B9089146D1}.Debug|ARM.Deploy.0 = Debug|Any CPU
		{F411141E-6E75-478B-87D6-75B9089146D1}.Debug|iPhone.ActiveCfg = Debug|Any CPU
		{F411141E-6E75-478B-87D6-75B9089146D1}.Debug|iPhone.Build.0 = Debug|Any CPU
		{F411141E-6E75-478B-87D6-75B9089146D1}.Debug|iPhone.Deploy.0 = Debug|Any CPU
		{F411141E-6E75-478B-87D6-75B9089146D1}.Debug|iPhoneSimulator.ActiveCfg = Debug|Any CPU
		{F411141E-6E75-478B-87D6-75B9089146D1}.Debug|iPhoneSimulator.Build.0 = Debug|Any CPU
		{F411141E-6E75-478B-87D6-75B9089146D1}.Debug|iPhoneSimulator.Deploy.0 = Debug|Any CPU
		{F411141E-6E75-478B-87D6-75B9089146D1}.Debug|x64.ActiveCfg = Debug|Any CPU
		{F411141E-6E75-478B-87D6-75B9089146D1}.Debug|x64.Build.0 = Debug|Any CPU
		{F411141E-6E75-478B-87D6-75B9089146D1}.Debug|x64.Deploy.0 = Debug|Any CPU
		{F411141E-6E75-478B-87D6-75B9089146D1}.Debug|x86.ActiveCfg = Debug|Any CPU
		{F411141E-6E75-478B-87D6-75B9089146D1}.Debug|x86.Build.0 = Debug|Any CPU
		{F411141E-6E75-478B-87D6-75B9089146D1}.Debug|x86.Deploy.0 = Debug|Any CPU
		{F411141E-6E75-478B-87D6-75B9089146D1}.Release|Any CPU.ActiveCfg = Release|Any CPU
		{F411141E-6E75-478B-87D6-75B9089146D1}.Release|Any CPU.Build.0 = Release|Any CPU
		{F411141E-6E75-478B-87D6-75B9089146D1}.Release|Any CPU.Deploy.0 = Release|Any CPU
		{F411141E-6E75-478B-87D6-75B9089146D1}.Release|ARM.ActiveCfg = Release|Any CPU
		{F411141E-6E75-478B-87D6-75B9089146D1}.Release|ARM.Build.0 = Release|Any CPU
		{F411141E-6E75-478B-87D6-75B9089146D1}.Release|ARM.Deploy.0 = Release|Any CPU
		{F411141E-6E75-478B-87D6-75B9089146D1}.Release|iPhone.ActiveCfg = Release|Any CPU
		{F411141E-6E75-478B-87D6-75B9089146D1}.Release|iPhone.Build.0 = Release|Any CPU
		{F411141E-6E75-478B-87D6-75B9089146D1}.Release|iPhone.Deploy.0 = Release|Any CPU
		{F411141E-6E75-478B-87D6-75B9089146D1}.Release|iPhoneSimulator.ActiveCfg = Release|Any CPU
		{F411141E-6E75-478B-87D6-75B9089146D1}.Release|iPhoneSimulator.Build.0 = Release|Any CPU
		{F411141E-6E75-478B-87D6-75B9089146D1}.Release|iPhoneSimulator.Deploy.0 = Release|Any CPU
		{F411141E-6E75-478B-87D6-75B9089146D1}.Release|x64.ActiveCfg = Release|Any CPU
		{F411141E-6E75-478B-87D6-75B9089146D1}.Release|x64.Build.0 = Release|Any CPU
		{F411141E-6E75-478B-87D6-75B9089146D1}.Release|x64.Deploy.0 = Release|Any CPU
		{F411141E-6E75-478B-87D6-75B9089146D1}.Release|x86.ActiveCfg = Release|Any CPU
		{F411141E-6E75-478B-87D6-75B9089146D1}.Release|x86.Build.0 = Release|Any CPU
		{F411141E-6E75-478B-87D6-75B9089146D1}.Release|x86.Deploy.0 = Release|Any CPU
		{C6D2FCEC-F738-4930-AD28-2CEFED83335F}.Debug|Any CPU.ActiveCfg = Debug|iPhone
		{C6D2FCEC-F738-4930-AD28-2CEFED83335F}.Debug|Any CPU.Build.0 = Debug|iPhone
		{C6D2FCEC-F738-4930-AD28-2CEFED83335F}.Debug|Any CPU.Deploy.0 = Debug|iPhone
		{C6D2FCEC-F738-4930-AD28-2CEFED83335F}.Debug|ARM.ActiveCfg = Debug|iPhoneSimulator
		{C6D2FCEC-F738-4930-AD28-2CEFED83335F}.Debug|ARM.Build.0 = Debug|iPhoneSimulator
		{C6D2FCEC-F738-4930-AD28-2CEFED83335F}.Debug|ARM.Deploy.0 = Debug|iPhoneSimulator
		{C6D2FCEC-F738-4930-AD28-2CEFED83335F}.Debug|iPhone.ActiveCfg = Debug|iPhone
		{C6D2FCEC-F738-4930-AD28-2CEFED83335F}.Debug|iPhone.Build.0 = Debug|iPhone
		{C6D2FCEC-F738-4930-AD28-2CEFED83335F}.Debug|iPhone.Deploy.0 = Debug|iPhone
		{C6D2FCEC-F738-4930-AD28-2CEFED83335F}.Debug|iPhoneSimulator.ActiveCfg = Debug|iPhoneSimulator
		{C6D2FCEC-F738-4930-AD28-2CEFED83335F}.Debug|iPhoneSimulator.Build.0 = Debug|iPhoneSimulator
		{C6D2FCEC-F738-4930-AD28-2CEFED83335F}.Debug|iPhoneSimulator.Deploy.0 = Debug|iPhoneSimulator
		{C6D2FCEC-F738-4930-AD28-2CEFED83335F}.Debug|x64.ActiveCfg = Debug|iPhone
		{C6D2FCEC-F738-4930-AD28-2CEFED83335F}.Debug|x64.Build.0 = Debug|iPhone
		{C6D2FCEC-F738-4930-AD28-2CEFED83335F}.Debug|x64.Deploy.0 = Debug|iPhone
		{C6D2FCEC-F738-4930-AD28-2CEFED83335F}.Debug|x86.ActiveCfg = Debug|iPhone
		{C6D2FCEC-F738-4930-AD28-2CEFED83335F}.Debug|x86.Build.0 = Debug|iPhone
		{C6D2FCEC-F738-4930-AD28-2CEFED83335F}.Debug|x86.Deploy.0 = Debug|iPhone
		{C6D2FCEC-F738-4930-AD28-2CEFED83335F}.Release|Any CPU.ActiveCfg = Release|iPhone
		{C6D2FCEC-F738-4930-AD28-2CEFED83335F}.Release|Any CPU.Build.0 = Release|iPhone
		{C6D2FCEC-F738-4930-AD28-2CEFED83335F}.Release|Any CPU.Deploy.0 = Release|iPhone
		{C6D2FCEC-F738-4930-AD28-2CEFED83335F}.Release|ARM.ActiveCfg = Release|iPhone
		{C6D2FCEC-F738-4930-AD28-2CEFED83335F}.Release|ARM.Build.0 = Release|iPhone
		{C6D2FCEC-F738-4930-AD28-2CEFED83335F}.Release|ARM.Deploy.0 = Release|iPhone
		{C6D2FCEC-F738-4930-AD28-2CEFED83335F}.Release|iPhone.ActiveCfg = Release|iPhone
		{C6D2FCEC-F738-4930-AD28-2CEFED83335F}.Release|iPhone.Build.0 = Release|iPhone
		{C6D2FCEC-F738-4930-AD28-2CEFED83335F}.Release|iPhone.Deploy.0 = Release|iPhone
		{C6D2FCEC-F738-4930-AD28-2CEFED83335F}.Release|iPhoneSimulator.ActiveCfg = Release|iPhoneSimulator
		{C6D2FCEC-F738-4930-AD28-2CEFED83335F}.Release|iPhoneSimulator.Build.0 = Release|iPhoneSimulator
		{C6D2FCEC-F738-4930-AD28-2CEFED83335F}.Release|iPhoneSimulator.Deploy.0 = Release|iPhoneSimulator
		{C6D2FCEC-F738-4930-AD28-2CEFED83335F}.Release|x64.ActiveCfg = Release|iPhone
		{C6D2FCEC-F738-4930-AD28-2CEFED83335F}.Release|x64.Build.0 = Release|iPhone
		{C6D2FCEC-F738-4930-AD28-2CEFED83335F}.Release|x64.Deploy.0 = Release|iPhone
		{C6D2FCEC-F738-4930-AD28-2CEFED83335F}.Release|x86.ActiveCfg = Release|iPhone
		{C6D2FCEC-F738-4930-AD28-2CEFED83335F}.Release|x86.Build.0 = Release|iPhone
		{C6D2FCEC-F738-4930-AD28-2CEFED83335F}.Release|x86.Deploy.0 = Release|iPhone
		{4C87A525-A529-417B-8F58-A3A34B2B4431}.Debug|Any CPU.ActiveCfg = Debug|Any CPU
		{4C87A525-A529-417B-8F58-A3A34B2B4431}.Debug|Any CPU.Build.0 = Debug|Any CPU
		{4C87A525-A529-417B-8F58-A3A34B2B4431}.Debug|Any CPU.Deploy.0 = Debug|Any CPU
		{4C87A525-A529-417B-8F58-A3A34B2B4431}.Debug|ARM.ActiveCfg = Debug|Any CPU
		{4C87A525-A529-417B-8F58-A3A34B2B4431}.Debug|ARM.Build.0 = Debug|Any CPU
		{4C87A525-A529-417B-8F58-A3A34B2B4431}.Debug|ARM.Deploy.0 = Debug|Any CPU
		{4C87A525-A529-417B-8F58-A3A34B2B4431}.Debug|iPhone.ActiveCfg = Debug|Any CPU
		{4C87A525-A529-417B-8F58-A3A34B2B4431}.Debug|iPhone.Build.0 = Debug|Any CPU
		{4C87A525-A529-417B-8F58-A3A34B2B4431}.Debug|iPhone.Deploy.0 = Debug|Any CPU
		{4C87A525-A529-417B-8F58-A3A34B2B4431}.Debug|iPhoneSimulator.ActiveCfg = Debug|Any CPU
		{4C87A525-A529-417B-8F58-A3A34B2B4431}.Debug|iPhoneSimulator.Build.0 = Debug|Any CPU
		{4C87A525-A529-417B-8F58-A3A34B2B4431}.Debug|iPhoneSimulator.Deploy.0 = Debug|Any CPU
		{4C87A525-A529-417B-8F58-A3A34B2B4431}.Debug|x64.ActiveCfg = Debug|Any CPU
		{4C87A525-A529-417B-8F58-A3A34B2B4431}.Debug|x64.Build.0 = Debug|Any CPU
		{4C87A525-A529-417B-8F58-A3A34B2B4431}.Debug|x64.Deploy.0 = Debug|Any CPU
		{4C87A525-A529-417B-8F58-A3A34B2B4431}.Debug|x86.ActiveCfg = Debug|Any CPU
		{4C87A525-A529-417B-8F58-A3A34B2B4431}.Debug|x86.Build.0 = Debug|Any CPU
		{4C87A525-A529-417B-8F58-A3A34B2B4431}.Debug|x86.Deploy.0 = Debug|Any CPU
		{4C87A525-A529-417B-8F58-A3A34B2B4431}.Release|Any CPU.ActiveCfg = Release|Any CPU
		{4C87A525-A529-417B-8F58-A3A34B2B4431}.Release|Any CPU.Build.0 = Release|Any CPU
		{4C87A525-A529-417B-8F58-A3A34B2B4431}.Release|Any CPU.Deploy.0 = Release|Any CPU
		{4C87A525-A529-417B-8F58-A3A34B2B4431}.Release|ARM.ActiveCfg = Release|Any CPU
		{4C87A525-A529-417B-8F58-A3A34B2B4431}.Release|ARM.Build.0 = Release|Any CPU
		{4C87A525-A529-417B-8F58-A3A34B2B4431}.Release|ARM.Deploy.0 = Release|Any CPU
		{4C87A525-A529-417B-8F58-A3A34B2B4431}.Release|iPhone.ActiveCfg = Release|Any CPU
		{4C87A525-A529-417B-8F58-A3A34B2B4431}.Release|iPhone.Build.0 = Release|Any CPU
		{4C87A525-A529-417B-8F58-A3A34B2B4431}.Release|iPhone.Deploy.0 = Release|Any CPU
		{4C87A525-A529-417B-8F58-A3A34B2B4431}.Release|iPhoneSimulator.ActiveCfg = Release|Any CPU
		{4C87A525-A529-417B-8F58-A3A34B2B4431}.Release|iPhoneSimulator.Build.0 = Release|Any CPU
		{4C87A525-A529-417B-8F58-A3A34B2B4431}.Release|iPhoneSimulator.Deploy.0 = Release|Any CPU
		{4C87A525-A529-417B-8F58-A3A34B2B4431}.Release|x64.ActiveCfg = Release|Any CPU
		{4C87A525-A529-417B-8F58-A3A34B2B4431}.Release|x64.Build.0 = Release|Any CPU
		{4C87A525-A529-417B-8F58-A3A34B2B4431}.Release|x64.Deploy.0 = Release|Any CPU
		{4C87A525-A529-417B-8F58-A3A34B2B4431}.Release|x86.ActiveCfg = Release|Any CPU
		{4C87A525-A529-417B-8F58-A3A34B2B4431}.Release|x86.Build.0 = Release|Any CPU
		{4C87A525-A529-417B-8F58-A3A34B2B4431}.Release|x86.Deploy.0 = Release|Any CPU
		{F7B1C7CA-92A3-4FB9-AD25-F4F08D917632}.Debug|Any CPU.ActiveCfg = Debug|Any CPU
		{F7B1C7CA-92A3-4FB9-AD25-F4F08D917632}.Debug|Any CPU.Build.0 = Debug|Any CPU
		{F7B1C7CA-92A3-4FB9-AD25-F4F08D917632}.Debug|ARM.ActiveCfg = Debug|Any CPU
		{F7B1C7CA-92A3-4FB9-AD25-F4F08D917632}.Debug|ARM.Build.0 = Debug|Any CPU
		{F7B1C7CA-92A3-4FB9-AD25-F4F08D917632}.Debug|iPhone.ActiveCfg = Debug|Any CPU
		{F7B1C7CA-92A3-4FB9-AD25-F4F08D917632}.Debug|iPhone.Build.0 = Debug|Any CPU
		{F7B1C7CA-92A3-4FB9-AD25-F4F08D917632}.Debug|iPhoneSimulator.ActiveCfg = Debug|Any CPU
		{F7B1C7CA-92A3-4FB9-AD25-F4F08D917632}.Debug|iPhoneSimulator.Build.0 = Debug|Any CPU
		{F7B1C7CA-92A3-4FB9-AD25-F4F08D917632}.Debug|x64.ActiveCfg = Debug|Any CPU
		{F7B1C7CA-92A3-4FB9-AD25-F4F08D917632}.Debug|x64.Build.0 = Debug|Any CPU
		{F7B1C7CA-92A3-4FB9-AD25-F4F08D917632}.Debug|x86.ActiveCfg = Debug|Any CPU
		{F7B1C7CA-92A3-4FB9-AD25-F4F08D917632}.Debug|x86.Build.0 = Debug|Any CPU
		{F7B1C7CA-92A3-4FB9-AD25-F4F08D917632}.Release|Any CPU.ActiveCfg = Release|Any CPU
		{F7B1C7CA-92A3-4FB9-AD25-F4F08D917632}.Release|Any CPU.Build.0 = Release|Any CPU
		{F7B1C7CA-92A3-4FB9-AD25-F4F08D917632}.Release|ARM.ActiveCfg = Release|Any CPU
		{F7B1C7CA-92A3-4FB9-AD25-F4F08D917632}.Release|ARM.Build.0 = Release|Any CPU
		{F7B1C7CA-92A3-4FB9-AD25-F4F08D917632}.Release|iPhone.ActiveCfg = Release|Any CPU
		{F7B1C7CA-92A3-4FB9-AD25-F4F08D917632}.Release|iPhone.Build.0 = Release|Any CPU
		{F7B1C7CA-92A3-4FB9-AD25-F4F08D917632}.Release|iPhoneSimulator.ActiveCfg = Release|Any CPU
		{F7B1C7CA-92A3-4FB9-AD25-F4F08D917632}.Release|iPhoneSimulator.Build.0 = Release|Any CPU
		{F7B1C7CA-92A3-4FB9-AD25-F4F08D917632}.Release|x64.ActiveCfg = Release|Any CPU
		{F7B1C7CA-92A3-4FB9-AD25-F4F08D917632}.Release|x64.Build.0 = Release|Any CPU
		{F7B1C7CA-92A3-4FB9-AD25-F4F08D917632}.Release|x86.ActiveCfg = Release|Any CPU
		{F7B1C7CA-92A3-4FB9-AD25-F4F08D917632}.Release|x86.Build.0 = Release|Any CPU
		{7A8C8FBB-97A1-4D2E-846B-4AA2D56E15FF}.Debug|Any CPU.ActiveCfg = Debug|Any CPU
		{7A8C8FBB-97A1-4D2E-846B-4AA2D56E15FF}.Debug|Any CPU.Build.0 = Debug|Any CPU
		{7A8C8FBB-97A1-4D2E-846B-4AA2D56E15FF}.Debug|ARM.ActiveCfg = Debug|Any CPU
		{7A8C8FBB-97A1-4D2E-846B-4AA2D56E15FF}.Debug|ARM.Build.0 = Debug|Any CPU
		{7A8C8FBB-97A1-4D2E-846B-4AA2D56E15FF}.Debug|iPhone.ActiveCfg = Debug|Any CPU
		{7A8C8FBB-97A1-4D2E-846B-4AA2D56E15FF}.Debug|iPhone.Build.0 = Debug|Any CPU
		{7A8C8FBB-97A1-4D2E-846B-4AA2D56E15FF}.Debug|iPhoneSimulator.ActiveCfg = Debug|Any CPU
		{7A8C8FBB-97A1-4D2E-846B-4AA2D56E15FF}.Debug|iPhoneSimulator.Build.0 = Debug|Any CPU
		{7A8C8FBB-97A1-4D2E-846B-4AA2D56E15FF}.Debug|x64.ActiveCfg = Debug|Any CPU
		{7A8C8FBB-97A1-4D2E-846B-4AA2D56E15FF}.Debug|x64.Build.0 = Debug|Any CPU
		{7A8C8FBB-97A1-4D2E-846B-4AA2D56E15FF}.Debug|x86.ActiveCfg = Debug|Any CPU
		{7A8C8FBB-97A1-4D2E-846B-4AA2D56E15FF}.Debug|x86.Build.0 = Debug|Any CPU
		{7A8C8FBB-97A1-4D2E-846B-4AA2D56E15FF}.Release|Any CPU.ActiveCfg = Release|Any CPU
		{7A8C8FBB-97A1-4D2E-846B-4AA2D56E15FF}.Release|Any CPU.Build.0 = Release|Any CPU
		{7A8C8FBB-97A1-4D2E-846B-4AA2D56E15FF}.Release|ARM.ActiveCfg = Release|Any CPU
		{7A8C8FBB-97A1-4D2E-846B-4AA2D56E15FF}.Release|ARM.Build.0 = Release|Any CPU
		{7A8C8FBB-97A1-4D2E-846B-4AA2D56E15FF}.Release|iPhone.ActiveCfg = Release|Any CPU
		{7A8C8FBB-97A1-4D2E-846B-4AA2D56E15FF}.Release|iPhone.Build.0 = Release|Any CPU
		{7A8C8FBB-97A1-4D2E-846B-4AA2D56E15FF}.Release|iPhoneSimulator.ActiveCfg = Release|Any CPU
		{7A8C8FBB-97A1-4D2E-846B-4AA2D56E15FF}.Release|iPhoneSimulator.Build.0 = Release|Any CPU
		{7A8C8FBB-97A1-4D2E-846B-4AA2D56E15FF}.Release|x64.ActiveCfg = Release|Any CPU
		{7A8C8FBB-97A1-4D2E-846B-4AA2D56E15FF}.Release|x64.Build.0 = Release|Any CPU
		{7A8C8FBB-97A1-4D2E-846B-4AA2D56E15FF}.Release|x86.ActiveCfg = Release|Any CPU
		{7A8C8FBB-97A1-4D2E-846B-4AA2D56E15FF}.Release|x86.Build.0 = Release|Any CPU
		{A55985CA-A4DB-44F4-BCC7-7D4E978CA52A}.Debug|Any CPU.ActiveCfg = Debug|Any CPU
		{A55985CA-A4DB-44F4-BCC7-7D4E978CA52A}.Debug|Any CPU.Build.0 = Debug|Any CPU
		{A55985CA-A4DB-44F4-BCC7-7D4E978CA52A}.Debug|ARM.ActiveCfg = Debug|Any CPU
		{A55985CA-A4DB-44F4-BCC7-7D4E978CA52A}.Debug|ARM.Build.0 = Debug|Any CPU
		{A55985CA-A4DB-44F4-BCC7-7D4E978CA52A}.Debug|iPhone.ActiveCfg = Debug|Any CPU
		{A55985CA-A4DB-44F4-BCC7-7D4E978CA52A}.Debug|iPhone.Build.0 = Debug|Any CPU
		{A55985CA-A4DB-44F4-BCC7-7D4E978CA52A}.Debug|iPhoneSimulator.ActiveCfg = Debug|Any CPU
		{A55985CA-A4DB-44F4-BCC7-7D4E978CA52A}.Debug|iPhoneSimulator.Build.0 = Debug|Any CPU
		{A55985CA-A4DB-44F4-BCC7-7D4E978CA52A}.Debug|x64.ActiveCfg = Debug|Any CPU
		{A55985CA-A4DB-44F4-BCC7-7D4E978CA52A}.Debug|x64.Build.0 = Debug|Any CPU
		{A55985CA-A4DB-44F4-BCC7-7D4E978CA52A}.Debug|x86.ActiveCfg = Debug|Any CPU
		{A55985CA-A4DB-44F4-BCC7-7D4E978CA52A}.Debug|x86.Build.0 = Debug|Any CPU
		{A55985CA-A4DB-44F4-BCC7-7D4E978CA52A}.Release|Any CPU.ActiveCfg = Release|Any CPU
		{A55985CA-A4DB-44F4-BCC7-7D4E978CA52A}.Release|Any CPU.Build.0 = Release|Any CPU
		{A55985CA-A4DB-44F4-BCC7-7D4E978CA52A}.Release|ARM.ActiveCfg = Release|Any CPU
		{A55985CA-A4DB-44F4-BCC7-7D4E978CA52A}.Release|ARM.Build.0 = Release|Any CPU
		{A55985CA-A4DB-44F4-BCC7-7D4E978CA52A}.Release|iPhone.ActiveCfg = Release|Any CPU
		{A55985CA-A4DB-44F4-BCC7-7D4E978CA52A}.Release|iPhone.Build.0 = Release|Any CPU
		{A55985CA-A4DB-44F4-BCC7-7D4E978CA52A}.Release|iPhoneSimulator.ActiveCfg = Release|Any CPU
		{A55985CA-A4DB-44F4-BCC7-7D4E978CA52A}.Release|iPhoneSimulator.Build.0 = Release|Any CPU
		{A55985CA-A4DB-44F4-BCC7-7D4E978CA52A}.Release|x64.ActiveCfg = Release|Any CPU
		{A55985CA-A4DB-44F4-BCC7-7D4E978CA52A}.Release|x64.Build.0 = Release|Any CPU
		{A55985CA-A4DB-44F4-BCC7-7D4E978CA52A}.Release|x86.ActiveCfg = Release|Any CPU
		{A55985CA-A4DB-44F4-BCC7-7D4E978CA52A}.Release|x86.Build.0 = Release|Any CPU
		{2FBCA9B2-FC6A-4D2A-97E6-4B42CC40FAE6}.Debug|Any CPU.ActiveCfg = Debug|Any CPU
		{2FBCA9B2-FC6A-4D2A-97E6-4B42CC40FAE6}.Debug|Any CPU.Build.0 = Debug|Any CPU
		{2FBCA9B2-FC6A-4D2A-97E6-4B42CC40FAE6}.Debug|ARM.ActiveCfg = Debug|Any CPU
		{2FBCA9B2-FC6A-4D2A-97E6-4B42CC40FAE6}.Debug|ARM.Build.0 = Debug|Any CPU
		{2FBCA9B2-FC6A-4D2A-97E6-4B42CC40FAE6}.Debug|iPhone.ActiveCfg = Debug|Any CPU
		{2FBCA9B2-FC6A-4D2A-97E6-4B42CC40FAE6}.Debug|iPhone.Build.0 = Debug|Any CPU
		{2FBCA9B2-FC6A-4D2A-97E6-4B42CC40FAE6}.Debug|iPhoneSimulator.ActiveCfg = Debug|Any CPU
		{2FBCA9B2-FC6A-4D2A-97E6-4B42CC40FAE6}.Debug|iPhoneSimulator.Build.0 = Debug|Any CPU
		{2FBCA9B2-FC6A-4D2A-97E6-4B42CC40FAE6}.Debug|x64.ActiveCfg = Debug|Any CPU
		{2FBCA9B2-FC6A-4D2A-97E6-4B42CC40FAE6}.Debug|x64.Build.0 = Debug|Any CPU
		{2FBCA9B2-FC6A-4D2A-97E6-4B42CC40FAE6}.Debug|x86.ActiveCfg = Debug|Any CPU
		{2FBCA9B2-FC6A-4D2A-97E6-4B42CC40FAE6}.Debug|x86.Build.0 = Debug|Any CPU
		{2FBCA9B2-FC6A-4D2A-97E6-4B42CC40FAE6}.Release|Any CPU.ActiveCfg = Release|Any CPU
		{2FBCA9B2-FC6A-4D2A-97E6-4B42CC40FAE6}.Release|Any CPU.Build.0 = Release|Any CPU
		{2FBCA9B2-FC6A-4D2A-97E6-4B42CC40FAE6}.Release|ARM.ActiveCfg = Release|Any CPU
		{2FBCA9B2-FC6A-4D2A-97E6-4B42CC40FAE6}.Release|ARM.Build.0 = Release|Any CPU
		{2FBCA9B2-FC6A-4D2A-97E6-4B42CC40FAE6}.Release|iPhone.ActiveCfg = Release|Any CPU
		{2FBCA9B2-FC6A-4D2A-97E6-4B42CC40FAE6}.Release|iPhone.Build.0 = Release|Any CPU
		{2FBCA9B2-FC6A-4D2A-97E6-4B42CC40FAE6}.Release|iPhoneSimulator.ActiveCfg = Release|Any CPU
		{2FBCA9B2-FC6A-4D2A-97E6-4B42CC40FAE6}.Release|iPhoneSimulator.Build.0 = Release|Any CPU
		{2FBCA9B2-FC6A-4D2A-97E6-4B42CC40FAE6}.Release|x64.ActiveCfg = Release|Any CPU
		{2FBCA9B2-FC6A-4D2A-97E6-4B42CC40FAE6}.Release|x64.Build.0 = Release|Any CPU
		{2FBCA9B2-FC6A-4D2A-97E6-4B42CC40FAE6}.Release|x86.ActiveCfg = Release|Any CPU
		{2FBCA9B2-FC6A-4D2A-97E6-4B42CC40FAE6}.Release|x86.Build.0 = Release|Any CPU
		{80E1E0C6-A229-453E-B0CA-82DF92534B01}.Debug|Any CPU.ActiveCfg = Debug|Any CPU
		{80E1E0C6-A229-453E-B0CA-82DF92534B01}.Debug|Any CPU.Build.0 = Debug|Any CPU
		{80E1E0C6-A229-453E-B0CA-82DF92534B01}.Debug|ARM.ActiveCfg = Debug|Any CPU
		{80E1E0C6-A229-453E-B0CA-82DF92534B01}.Debug|ARM.Build.0 = Debug|Any CPU
		{80E1E0C6-A229-453E-B0CA-82DF92534B01}.Debug|iPhone.ActiveCfg = Debug|Any CPU
		{80E1E0C6-A229-453E-B0CA-82DF92534B01}.Debug|iPhone.Build.0 = Debug|Any CPU
		{80E1E0C6-A229-453E-B0CA-82DF92534B01}.Debug|iPhoneSimulator.ActiveCfg = Debug|Any CPU
		{80E1E0C6-A229-453E-B0CA-82DF92534B01}.Debug|iPhoneSimulator.Build.0 = Debug|Any CPU
		{80E1E0C6-A229-453E-B0CA-82DF92534B01}.Debug|x64.ActiveCfg = Debug|Any CPU
		{80E1E0C6-A229-453E-B0CA-82DF92534B01}.Debug|x64.Build.0 = Debug|Any CPU
		{80E1E0C6-A229-453E-B0CA-82DF92534B01}.Debug|x86.ActiveCfg = Debug|Any CPU
		{80E1E0C6-A229-453E-B0CA-82DF92534B01}.Debug|x86.Build.0 = Debug|Any CPU
		{80E1E0C6-A229-453E-B0CA-82DF92534B01}.Release|Any CPU.ActiveCfg = Release|Any CPU
		{80E1E0C6-A229-453E-B0CA-82DF92534B01}.Release|Any CPU.Build.0 = Release|Any CPU
		{80E1E0C6-A229-453E-B0CA-82DF92534B01}.Release|ARM.ActiveCfg = Release|Any CPU
		{80E1E0C6-A229-453E-B0CA-82DF92534B01}.Release|ARM.Build.0 = Release|Any CPU
		{80E1E0C6-A229-453E-B0CA-82DF92534B01}.Release|iPhone.ActiveCfg = Release|Any CPU
		{80E1E0C6-A229-453E-B0CA-82DF92534B01}.Release|iPhone.Build.0 = Release|Any CPU
		{80E1E0C6-A229-453E-B0CA-82DF92534B01}.Release|iPhoneSimulator.ActiveCfg = Release|Any CPU
		{80E1E0C6-A229-453E-B0CA-82DF92534B01}.Release|iPhoneSimulator.Build.0 = Release|Any CPU
		{80E1E0C6-A229-453E-B0CA-82DF92534B01}.Release|x64.ActiveCfg = Release|Any CPU
		{80E1E0C6-A229-453E-B0CA-82DF92534B01}.Release|x64.Build.0 = Release|Any CPU
		{80E1E0C6-A229-453E-B0CA-82DF92534B01}.Release|x86.ActiveCfg = Release|Any CPU
		{80E1E0C6-A229-453E-B0CA-82DF92534B01}.Release|x86.Build.0 = Release|Any CPU
		{084CBEB2-E946-4D6B-8B85-42C7B76669BA}.Debug|Any CPU.ActiveCfg = Debug|Any CPU
		{084CBEB2-E946-4D6B-8B85-42C7B76669BA}.Debug|Any CPU.Build.0 = Debug|Any CPU
		{084CBEB2-E946-4D6B-8B85-42C7B76669BA}.Debug|ARM.ActiveCfg = Debug|Any CPU
		{084CBEB2-E946-4D6B-8B85-42C7B76669BA}.Debug|ARM.Build.0 = Debug|Any CPU
		{084CBEB2-E946-4D6B-8B85-42C7B76669BA}.Debug|iPhone.ActiveCfg = Debug|Any CPU
		{084CBEB2-E946-4D6B-8B85-42C7B76669BA}.Debug|iPhone.Build.0 = Debug|Any CPU
		{084CBEB2-E946-4D6B-8B85-42C7B76669BA}.Debug|iPhoneSimulator.ActiveCfg = Debug|Any CPU
		{084CBEB2-E946-4D6B-8B85-42C7B76669BA}.Debug|iPhoneSimulator.Build.0 = Debug|Any CPU
		{084CBEB2-E946-4D6B-8B85-42C7B76669BA}.Debug|x64.ActiveCfg = Debug|Any CPU
		{084CBEB2-E946-4D6B-8B85-42C7B76669BA}.Debug|x64.Build.0 = Debug|Any CPU
		{084CBEB2-E946-4D6B-8B85-42C7B76669BA}.Debug|x86.ActiveCfg = Debug|Any CPU
		{084CBEB2-E946-4D6B-8B85-42C7B76669BA}.Debug|x86.Build.0 = Debug|Any CPU
		{084CBEB2-E946-4D6B-8B85-42C7B76669BA}.Release|Any CPU.ActiveCfg = Release|Any CPU
		{084CBEB2-E946-4D6B-8B85-42C7B76669BA}.Release|Any CPU.Build.0 = Release|Any CPU
		{084CBEB2-E946-4D6B-8B85-42C7B76669BA}.Release|ARM.ActiveCfg = Release|Any CPU
		{084CBEB2-E946-4D6B-8B85-42C7B76669BA}.Release|ARM.Build.0 = Release|Any CPU
		{084CBEB2-E946-4D6B-8B85-42C7B76669BA}.Release|iPhone.ActiveCfg = Release|Any CPU
		{084CBEB2-E946-4D6B-8B85-42C7B76669BA}.Release|iPhone.Build.0 = Release|Any CPU
		{084CBEB2-E946-4D6B-8B85-42C7B76669BA}.Release|iPhoneSimulator.ActiveCfg = Release|Any CPU
		{084CBEB2-E946-4D6B-8B85-42C7B76669BA}.Release|iPhoneSimulator.Build.0 = Release|Any CPU
		{084CBEB2-E946-4D6B-8B85-42C7B76669BA}.Release|x64.ActiveCfg = Release|Any CPU
		{084CBEB2-E946-4D6B-8B85-42C7B76669BA}.Release|x64.Build.0 = Release|Any CPU
		{084CBEB2-E946-4D6B-8B85-42C7B76669BA}.Release|x86.ActiveCfg = Release|Any CPU
		{084CBEB2-E946-4D6B-8B85-42C7B76669BA}.Release|x86.Build.0 = Release|Any CPU
		{368D7C10-EA07-40FE-8F02-15CD6A2C30C9}.Debug|Any CPU.ActiveCfg = Debug|Any CPU
		{368D7C10-EA07-40FE-8F02-15CD6A2C30C9}.Debug|Any CPU.Build.0 = Debug|Any CPU
		{368D7C10-EA07-40FE-8F02-15CD6A2C30C9}.Debug|ARM.ActiveCfg = Debug|Any CPU
		{368D7C10-EA07-40FE-8F02-15CD6A2C30C9}.Debug|ARM.Build.0 = Debug|Any CPU
		{368D7C10-EA07-40FE-8F02-15CD6A2C30C9}.Debug|iPhone.ActiveCfg = Debug|Any CPU
		{368D7C10-EA07-40FE-8F02-15CD6A2C30C9}.Debug|iPhone.Build.0 = Debug|Any CPU
		{368D7C10-EA07-40FE-8F02-15CD6A2C30C9}.Debug|iPhoneSimulator.ActiveCfg = Debug|Any CPU
		{368D7C10-EA07-40FE-8F02-15CD6A2C30C9}.Debug|iPhoneSimulator.Build.0 = Debug|Any CPU
		{368D7C10-EA07-40FE-8F02-15CD6A2C30C9}.Debug|x64.ActiveCfg = Debug|Any CPU
		{368D7C10-EA07-40FE-8F02-15CD6A2C30C9}.Debug|x64.Build.0 = Debug|Any CPU
		{368D7C10-EA07-40FE-8F02-15CD6A2C30C9}.Debug|x86.ActiveCfg = Debug|Any CPU
		{368D7C10-EA07-40FE-8F02-15CD6A2C30C9}.Debug|x86.Build.0 = Debug|Any CPU
		{368D7C10-EA07-40FE-8F02-15CD6A2C30C9}.Release|Any CPU.ActiveCfg = Release|Any CPU
		{368D7C10-EA07-40FE-8F02-15CD6A2C30C9}.Release|Any CPU.Build.0 = Release|Any CPU
		{368D7C10-EA07-40FE-8F02-15CD6A2C30C9}.Release|ARM.ActiveCfg = Release|Any CPU
		{368D7C10-EA07-40FE-8F02-15CD6A2C30C9}.Release|ARM.Build.0 = Release|Any CPU
		{368D7C10-EA07-40FE-8F02-15CD6A2C30C9}.Release|iPhone.ActiveCfg = Release|Any CPU
		{368D7C10-EA07-40FE-8F02-15CD6A2C30C9}.Release|iPhone.Build.0 = Release|Any CPU
		{368D7C10-EA07-40FE-8F02-15CD6A2C30C9}.Release|iPhoneSimulator.ActiveCfg = Release|Any CPU
		{368D7C10-EA07-40FE-8F02-15CD6A2C30C9}.Release|iPhoneSimulator.Build.0 = Release|Any CPU
		{368D7C10-EA07-40FE-8F02-15CD6A2C30C9}.Release|x64.ActiveCfg = Release|Any CPU
		{368D7C10-EA07-40FE-8F02-15CD6A2C30C9}.Release|x64.Build.0 = Release|Any CPU
		{368D7C10-EA07-40FE-8F02-15CD6A2C30C9}.Release|x86.ActiveCfg = Release|Any CPU
		{368D7C10-EA07-40FE-8F02-15CD6A2C30C9}.Release|x86.Build.0 = Release|Any CPU
	EndGlobalSection
	GlobalSection(SolutionProperties) = preSolution
		HideSolutionNode = FALSE
	EndGlobalSection
	GlobalSection(NestedProjects) = preSolution
		{1392EEA1-31C9-466C-B1D4-8CF9249409D5} = {D3510685-05A6-4A04-94BF-1F5983F99B61}
		{F411141E-6E75-478B-87D6-75B9089146D1} = {D3510685-05A6-4A04-94BF-1F5983F99B61}
		{C6D2FCEC-F738-4930-AD28-2CEFED83335F} = {D3510685-05A6-4A04-94BF-1F5983F99B61}
		{4C87A525-A529-417B-8F58-A3A34B2B4431} = {D3510685-05A6-4A04-94BF-1F5983F99B61}
		{F7B1C7CA-92A3-4FB9-AD25-F4F08D917632} = {70C11BF0-F5C5-42A6-89A6-4505F5ACEFF2}
		{7A8C8FBB-97A1-4D2E-846B-4AA2D56E15FF} = {70C11BF0-F5C5-42A6-89A6-4505F5ACEFF2}
		{A55985CA-A4DB-44F4-BCC7-7D4E978CA52A} = {70C11BF0-F5C5-42A6-89A6-4505F5ACEFF2}
		{2FBCA9B2-FC6A-4D2A-97E6-4B42CC40FAE6} = {70C11BF0-F5C5-42A6-89A6-4505F5ACEFF2}
		{80E1E0C6-A229-453E-B0CA-82DF92534B01} = {09D68360-F230-4FCF-BA01-29E3428067E2}
		{084CBEB2-E946-4D6B-8B85-42C7B76669BA} = {70C11BF0-F5C5-42A6-89A6-4505F5ACEFF2}
		{368D7C10-EA07-40FE-8F02-15CD6A2C30C9} = {E6A91862-E3E5-40D1-B05A-A6983D1F732E}
	EndGlobalSection
	GlobalSection(ExtensibilityGlobals) = postSolution
		SolutionGuid = {79D0633A-7B12-4E4D-B688-CB4C9E0BBDA1}
	EndGlobalSection
EndGlobal
